
Microsoft Visual Studio Solution File, Format Version 12.00
# Visual Studio Version 17
VisualStudioVersion = 17.14.36623.8 d17.14
MinimumVisualStudioVersion = 10.0.40219.1
Project("{FAE04EC0-301F-11D3-BF4B-00C04F79EFBC}") = "MinimalAPIs", "MinimalAPIs.csproj", "{159B9DF2-5343-4EC7-B99D-EF3C65A29CFF}"
EndProject
Global
	GlobalSection(SolutionConfigurationPlatforms) = preSolution
		Debug|Any CPU = Debug|Any CPU
		Release|Any CPU = Release|Any CPU
	EndGlobalSection
	GlobalSection(ProjectConfigurationPlatforms) = postSolution
		{159B9DF2-5343-4EC7-B99D-EF3C65A29CFF}.Debug|Any CPU.ActiveCfg = Debug|Any CPU
		{159B9DF2-5343-4EC7-B99D-EF3C65A29CFF}.Debug|Any CPU.Build.0 = Debug|Any CPU
		{159B9DF2-5343-4EC7-B99D-EF3C65A29CFF}.Release|Any CPU.ActiveCfg = Release|Any CPU
		{159B9DF2-5343-4EC7-B99D-EF3C65A29CFF}.Release|Any CPU.Build.0 = Release|Any CPU
	EndGlobalSection
	GlobalSection(SolutionProperties) = preSolution
		HideSolutionNode = FALSE
	EndGlobalSection
	GlobalSection(ExtensibilityGlobals) = postSolution
		SolutionGuid = {CDDB4F6B-CB42-4B8B-9FC2-03448B9FE677}
	EndGlobalSection
EndGlobal
